%{
  "eflame": {:hex, :eflame, "1.0.1", "0664d287e39eef3c413749254b3af5f4f8b00be71c1af67d325331c4890be0fc", [:mix], [], "hexpm", "e0b08854a66f9013129de0b008488f3411ae9b69b902187837f994d7a99cf04e"},
  "rustler": {:git, "git://github.com/rusterlium/rustler.git", "bac7279f7d9bcd62d10b770fc06a575ee75e4bb5", []},
  "toml": {:hex, :toml, "0.5.2", "e471388a8726d1ce51a6b32f864b8228a1eb8edc907a0edf2bb50eab9321b526", [:mix], [], "hexpm", "f1e3dabef71fb510d015fad18c0e05e7c57281001141504c6b69d94e99750a07"},
}
